{
  "name": "deepbom-review",
  "version": "0.1.0",
  "lockfileVersion": 3,
  "requires": true,
  "packages": {
    "": {
      "name": "deepbom-review",
      "version": "0.1.0",
      "license": "Apache-2.0",
      "dependencies": {
        "adm-zip": "0.6.1",
        "deepbom": "1.103.0"
      },
      "bin": {
        "deepbom-review": "bin/deepbom-review.mjs"
      },
      "engines": {
        "node": ">=20"
      }
    },
    "node_modules/adm-zip": {
      "version": "0.6.1",
      "resolved": "https://registry.npmjs.org/adm-zip/-/adm-zip-0.6.1.tgz",
      "integrity": "sha512-Xwrja8nx9e5o2N1my4DsKCeKpdrnACyr1wtbPxBDgGzKzKyE9kRtBFA8mWldI+RVlD7CBZNWY/wQ2+ydwOR6kQ==",
      "license": "MIT",
      "engines": {
        "node": ">=14.0"
      }
    },
    "node_modules/deepbom": {
      "version": "1.103.0",
      "resolved": "https://registry.npmjs.org/deepbom/-/deepbom-1.103.0.tgz",
      "integrity": "sha512-pDjULG07vEeBXoRwPWDcXmRHSqMLvNXz2Ki31sGS7/1Eah4r7Dr1lDwwh4362/SrcGdroSs+Etcww8TbNKHUcw==",
      "license": "Apache-2.0",
      "bin": {
        "deepbom": "bin/deepbom.mjs"
      },
      "engines": {
        "node": ">=20"
      }
    }
  }
}
